// !$*UTF8*$!
{
	archiveVersion = 1;
	classes = {
	};
	objectVersion = 55;
	objects = {

/* Begin PBXBuildFile section */
		891EFDF32739407600D9B971 /* CountryInfo.swift in Sources */ = {isa = PBXBuildFile; fileRef = 891EFDF22739407600D9B971 /* CountryInfo.swift */; };
		891EFDF72739856C00D9B971 /* Color.swift in Sources */ = {isa = PBXBuildFile; fileRef = 891EFDF62739856C00D9B971 /* Color.swift */; };
		894368F4277DCEDA0000E0D9 /* CasesTableViewCell.swift in Sources */ = {isa = PBXBuildFile; fileRef = 894368F2277DCEDA0000E0D9 /* CasesTableViewCell.swift */; };
		894368F5277DCEDA0000E0D9 /* CasesTableViewCell.xib in Resources */ = {isa = PBXBuildFile; fileRef = 894368F3277DCEDA0000E0D9 /* CasesTableViewCell.xib */; };
		894368F8277DF1290000E0D9 /* HistoricalDataTableViewCell.swift in Sources */ = {isa = PBXBuildFile; fileRef = 894368F6277DF1290000E0D9 /* HistoricalDataTableViewCell.swift */; };
		894368F9277DF1290000E0D9 /* HistoricalDataTableViewCell.xib in Resources */ = {isa = PBXBuildFile; fileRef = 894368F7277DF1290000E0D9 /* HistoricalDataTableViewCell.xib */; };
		894368FB277DFDB00000E0D9 /* String+Extensions.swift in Sources */ = {isa = PBXBuildFile; fileRef = 894368FA277DFDB00000E0D9 /* String+Extensions.swift */; };
		894368FD277E12FB0000E0D9 /* Date+Extensions.swift in Sources */ = {isa = PBXBuildFile; fileRef = 894368FC277E12FB0000E0D9 /* Date+Extensions.swift */; };
		896B6CF227637FFC00A25ED7 /* CountrySelectionViewController.swift in Sources */ = {isa = PBXBuildFile; fileRef = 896B6CF127637FFC00A25ED7 /* CountrySelectionViewController.swift */; };
		896B6CF427638B2800A25ED7 /* Constants.swift in Sources */ = {isa = PBXBuildFile; fileRef = 896B6CF327638B2700A25ED7 /* Constants.swift */; };
		896B6CF6276396AD00A25ED7 /* CountrySelectionViewModel.swift in Sources */ = {isa = PBXBuildFile; fileRef = 896B6CF5276396AD00A25ED7 /* CountrySelectionViewModel.swift */; };
		896B6CFB276397D500A25ED7 /* CountryTableViewCell.swift in Sources */ = {isa = PBXBuildFile; fileRef = 896B6CF9276397D500A25ED7 /* CountryTableViewCell.swift */; };
		896B6CFC276397D500A25ED7 /* CountryTableViewCell.xib in Resources */ = {isa = PBXBuildFile; fileRef = 896B6CFA276397D500A25ED7 /* CountryTableViewCell.xib */; };
		89705411276CA92C0058AED9 /* HistoricalInfo.swift in Sources */ = {isa = PBXBuildFile; fileRef = 89705410276CA92C0058AED9 /* HistoricalInfo.swift */; };
		89837342273BFC7B00857C6B /* UIView+ContextualChanges.swift in Sources */ = {isa = PBXBuildFile; fileRef = 89837341273BFC7B00857C6B /* UIView+ContextualChanges.swift */; };
		898CCFA3273691C7008DDE7A /* AppDelegate.swift in Sources */ = {isa = PBXBuildFile; fileRef = 898CCFA2273691C7008DDE7A /* AppDelegate.swift */; };
		898CCFA5273691C7008DDE7A /* SceneDelegate.swift in Sources */ = {isa = PBXBuildFile; fileRef = 898CCFA4273691C7008DDE7A /* SceneDelegate.swift */; };
		898CCFA7273691C7008DDE7A /* DashboardViewController.swift in Sources */ = {isa = PBXBuildFile; fileRef = 898CCFA6273691C7008DDE7A /* DashboardViewController.swift */; };
		898CCFAA273691C7008DDE7A /* Main.storyboard in Resources */ = {isa = PBXBuildFile; fileRef = 898CCFA8273691C7008DDE7A /* Main.storyboard */; };
		898CCFAC273691CA008DDE7A /* Assets.xcassets in Resources */ = {isa = PBXBuildFile; fileRef = 898CCFAB273691CA008DDE7A /* Assets.xcassets */; };
		898CCFAF273691CB008DDE7A /* LaunchScreen.storyboard in Resources */ = {isa = PBXBuildFile; fileRef = 898CCFAD273691CB008DDE7A /* LaunchScreen.storyboard */; };
		898E5BF1275A3B1600585EF2 /* InformationTableViewCell.swift in Sources */ = {isa = PBXBuildFile; fileRef = 898E5BEF275A3B1500585EF2 /* InformationTableViewCell.swift */; };
		898E5BF2275A3B1600585EF2 /* InformationTableViewCell.xib in Resources */ = {isa = PBXBuildFile; fileRef = 898E5BF0275A3B1500585EF2 /* InformationTableViewCell.xib */; };
		898E5BF8275A3C7E00585EF2 /* InformationCollectionViewCell.swift in Sources */ = {isa = PBXBuildFile; fileRef = 898E5BF6275A3C7E00585EF2 /* InformationCollectionViewCell.swift */; };
		898E5BF9275A3C7E00585EF2 /* InformationCollectionViewCell.xib in Resources */ = {isa = PBXBuildFile; fileRef = 898E5BF7275A3C7E00585EF2 /* InformationCollectionViewCell.xib */; };
		89A1FA39273AD8B400560C59 /* DashboardViewModel.swift in Sources */ = {isa = PBXBuildFile; fileRef = 89A1FA38273AD8B400560C59 /* DashboardViewModel.swift */; };
		89DD333D275E9CAE009C2323 /* ChartGenerator.swift in Sources */ = {isa = PBXBuildFile; fileRef = 89DD333C275E9CAE009C2323 /* ChartGenerator.swift */; };
		89DD3340275EA3A6009C2323 /* GeneralInfoTableViewCell.swift in Sources */ = {isa = PBXBuildFile; fileRef = 89DD333E275EA3A6009C2323 /* GeneralInfoTableViewCell.swift */; };
		89DD3341275EA3A6009C2323 /* GeneralInfoTableViewCell.xib in Resources */ = {isa = PBXBuildFile; fileRef = 89DD333F275EA3A6009C2323 /* GeneralInfoTableViewCell.xib */; };
		89DF03FF27380AD7003FB469 /* NetworkManager.swift in Sources */ = {isa = PBXBuildFile; fileRef = 89DF03FE27380AD7003FB469 /* NetworkManager.swift */; };
		89DF040127380CD2003FB469 /* NetworkError.swift in Sources */ = {isa = PBXBuildFile; fileRef = 89DF040027380CD2003FB469 /* NetworkError.swift */; };
		89DF040527382070003FB469 /* Summary.swift in Sources */ = {isa = PBXBuildFile; fileRef = 89DF040427382070003FB469 /* Summary.swift */; };
		89DF0407273839F8003FB469 /* CountryWiseInfo.swift in Sources */ = {isa = PBXBuildFile; fileRef = 89DF0406273839F8003FB469 /* CountryWiseInfo.swift */; };
		89DF040B27383EB4003FB469 /* ContinentWiseInfo.swift in Sources */ = {isa = PBXBuildFile; fileRef = 89DF040A27383EB4003FB469 /* ContinentWiseInfo.swift */; };
		89DF040D27383ECE003FB469 /* ContinentInfo.swift in Sources */ = {isa = PBXBuildFile; fileRef = 89DF040C27383ECE003FB469 /* ContinentInfo.swift */; };
		89E9DE782737ECE60054F855 /* Endpoint.swift in Sources */ = {isa = PBXBuildFile; fileRef = 89E9DE772737ECE60054F855 /* Endpoint.swift */; };
		89E9DE7B2737F49E0054F855 /* CovidInfoEndpoint.swift in Sources */ = {isa = PBXBuildFile; fileRef = 89E9DE7A2737F49E0054F855 /* CovidInfoEndpoint.swift */; };
		89EF24ED2760EE4E00661D16 /* LoadingViewController.swift in Sources */ = {isa = PBXBuildFile; fileRef = 89EF24EC2760EE4E00661D16 /* LoadingViewController.swift */; };
		F16D599DB2AD7C98F074D39B /* Pods_Covid19Info.framework in Frameworks */ = {isa = PBXBuildFile; fileRef = 0757FC098CB51E0EE5A9F6E4 /* Pods_Covid19Info.framework */; };
/* End PBXBuildFile section */

/* Begin PBXFileReference section */
		0757FC098CB51E0EE5A9F6E4 /* Pods_Covid19Info.framework */ = {isa = PBXFileReference; explicitFileType = wrapper.framework; includeInIndex = 0; path = Pods_Covid19Info.framework; sourceTree = BUILT_PRODUCTS_DIR; };
		1324CD8B74415D0821354CC5 /* Pods-Covid19Info.debug.xcconfig */ = {isa = PBXFileReference; includeInIndex = 1; lastKnownFileType = text.xcconfig; name = "Pods-Covid19Info.debug.xcconfig"; path = "Target Support Files/Pods-Covid19Info/Pods-Covid19Info.debug.xcconfig"; sourceTree = "<group>"; };
		2625066820475800C6A73E71 /* Pods-Covid19Info.release.xcconfig */ = {isa = PBXFileReference; includeInIndex = 1; lastKnownFileType = text.xcconfig; name = "Pods-Covid19Info.release.xcconfig"; path = "Target Support Files/Pods-Covid19Info/Pods-Covid19Info.release.xcconfig"; sourceTree = "<group>"; };
		891EFDF22739407600D9B971 /* CountryInfo.swift */ = {isa = PBXFileReference; lastKnownFileType = sourcecode.swift; path = CountryInfo.swift; sourceTree = "<group>"; };
		891EFDF62739856C00D9B971 /* Color.swift */ = {isa = PBXFileReference; lastKnownFileType = sourcecode.swift; path = Color.swift; sourceTree = "<group>"; };
		894368F2277DCEDA0000E0D9 /* CasesTableViewCell.swift */ = {isa = PBXFileReference; lastKnownFileType = sourcecode.swift; path = CasesTableViewCell.swift; sourceTree = "<group>"; };
		894368F3277DCEDA0000E0D9 /* CasesTableViewCell.xib */ = {isa = PBXFileReference; lastKnownFileType = file.xib; path = CasesTableViewCell.xib; sourceTree = "<group>"; };
		894368F6277DF1290000E0D9 /* HistoricalDataTableViewCell.swift */ = {isa = PBXFileReference; lastKnownFileType = sourcecode.swift; path = HistoricalDataTableViewCell.swift; sourceTree = "<group>"; };
		894368F7277DF1290000E0D9 /* HistoricalDataTableViewCell.xib */ = {isa = PBXFileReference; lastKnownFileType = file.xib; path = HistoricalDataTableViewCell.xib; sourceTree = "<group>"; };
		894368FA277DFDB00000E0D9 /* String+Extensions.swift */ = {isa = PBXFileReference; lastKnownFileType = sourcecode.swift; path = "String+Extensions.swift"; sourceTree = "<group>"; };
		894368FC277E12FB0000E0D9 /* Date+Extensions.swift */ = {isa = PBXFileReference; lastKnownFileType = sourcecode.swift; path = "Date+Extensions.swift"; sourceTree = "<group>"; };
		896B6CF127637FFC00A25ED7 /* CountrySelectionViewController.swift */ = {isa = PBXFileReference; lastKnownFileType = sourcecode.swift; path = CountrySelectionViewController.swift; sourceTree = "<group>"; };
		896B6CF327638B2700A25ED7 /* Constants.swift */ = {isa = PBXFileReference; lastKnownFileType = sourcecode.swift; path = Constants.swift; sourceTree = "<group>"; };
		896B6CF5276396AD00A25ED7 /* CountrySelectionViewModel.swift */ = {isa = PBXFileReference; lastKnownFileType = sourcecode.swift; path = CountrySelectionViewModel.swift; sourceTree = "<group>"; };
		896B6CF9276397D500A25ED7 /* CountryTableViewCell.swift */ = {isa = PBXFileReference; lastKnownFileType = sourcecode.swift; path = CountryTableViewCell.swift; sourceTree = "<group>"; };
		896B6CFA276397D500A25ED7 /* CountryTableViewCell.xib */ = {isa = PBXFileReference; lastKnownFileType = file.xib; path = CountryTableViewCell.xib; sourceTree = "<group>"; };
		89705410276CA92C0058AED9 /* HistoricalInfo.swift */ = {isa = PBXFileReference; lastKnownFileType = sourcecode.swift; path = HistoricalInfo.swift; sourceTree = "<group>"; };
		89837341273BFC7B00857C6B /* UIView+ContextualChanges.swift */ = {isa = PBXFileReference; lastKnownFileType = sourcecode.swift; path = "UIView+ContextualChanges.swift"; sourceTree = "<group>"; };
		898CCF9F273691C7008DDE7A /* Covid19Info.app */ = {isa = PBXFileReference; explicitFileType = wrapper.application; includeInIndex = 0; path = Covid19Info.app; sourceTree = BUILT_PRODUCTS_DIR; };
		898CCFA2273691C7008DDE7A /* AppDelegate.swift */ = {isa = PBXFileReference; lastKnownFileType = sourcecode.swift; path = AppDelegate.swift; sourceTree = "<group>"; };
		898CCFA4273691C7008DDE7A /* SceneDelegate.swift */ = {isa = PBXFileReference; lastKnownFileType = sourcecode.swift; path = SceneDelegate.swift; sourceTree = "<group>"; };
		898CCFA6273691C7008DDE7A /* DashboardViewController.swift */ = {isa = PBXFileReference; lastKnownFileType = sourcecode.swift; path = DashboardViewController.swift; sourceTree = "<group>"; };
		898CCFA9273691C7008DDE7A /* Base */ = {isa = PBXFileReference; lastKnownFileType = file.storyboard; name = Base; path = Base.lproj/Main.storyboard; sourceTree = "<group>"; };
		898CCFAB273691CA008DDE7A /* Assets.xcassets */ = {isa = PBXFileReference; lastKnownFileType = folder.assetcatalog; path = Assets.xcassets; sourceTree = "<group>"; };
		898CCFAE273691CB008DDE7A /* Base */ = {isa = PBXFileReference; lastKnownFileType = file.storyboard; name = Base; path = Base.lproj/LaunchScreen.storyboard; sourceTree = "<group>"; };
		898CCFB0273691CB008DDE7A /* Info.plist */ = {isa = PBXFileReference; lastKnownFileType = text.plist.xml; path = Info.plist; sourceTree = "<group>"; };
		898E5BEF275A3B1500585EF2 /* InformationTableViewCell.swift */ = {isa = PBXFileReference; lastKnownFileType = sourcecode.swift; path = InformationTableViewCell.swift; sourceTree = "<group>"; };
		898E5BF0275A3B1500585EF2 /* InformationTableViewCell.xib */ = {isa = PBXFileReference; lastKnownFileType = file.xib; path = InformationTableViewCell.xib; sourceTree = "<group>"; };
		898E5BF6275A3C7E00585EF2 /* InformationCollectionViewCell.swift */ = {isa = PBXFileReference; lastKnownFileType = sourcecode.swift; path = InformationCollectionViewCell.swift; sourceTree = "<group>"; };
		898E5BF7275A3C7E00585EF2 /* InformationCollectionViewCell.xib */ = {isa = PBXFileReference; lastKnownFileType = file.xib; path = InformationCollectionViewCell.xib; sourceTree = "<group>"; };
		89A1FA38273AD8B400560C59 /* DashboardViewModel.swift */ = {isa = PBXFileReference; lastKnownFileType = sourcecode.swift; path = DashboardViewModel.swift; sourceTree = "<group>"; };
		89DD333C275E9CAE009C2323 /* ChartGenerator.swift */ = {isa = PBXFileReference; lastKnownFileType = sourcecode.swift; path = ChartGenerator.swift; sourceTree = "<group>"; };
		89DD333E275EA3A6009C2323 /* GeneralInfoTableViewCell.swift */ = {isa = PBXFileReference; lastKnownFileType = sourcecode.swift; path = GeneralInfoTableViewCell.swift; sourceTree = "<group>"; };
		89DD333F275EA3A6009C2323 /* GeneralInfoTableViewCell.xib */ = {isa = PBXFileReference; lastKnownFileType = file.xib; path = GeneralInfoTableViewCell.xib; sourceTree = "<group>"; };
		89DF03FE27380AD7003FB469 /* NetworkManager.swift */ = {isa = PBXFileReference; lastKnownFileType = sourcecode.swift; path = NetworkManager.swift; sourceTree = "<group>"; };
		89DF040027380CD2003FB469 /* NetworkError.swift */ = {isa = PBXFileReference; lastKnownFileType = sourcecode.swift; path = NetworkError.swift; sourceTree = "<group>"; };
		89DF040427382070003FB469 /* Summary.swift */ = {isa = PBXFileReference; lastKnownFileType = sourcecode.swift; path = Summary.swift; sourceTree = "<group>"; };
		89DF0406273839F8003FB469 /* CountryWiseInfo.swift */ = {isa = PBXFileReference; lastKnownFileType = sourcecode.swift; path = CountryWiseInfo.swift; sourceTree = "<group>"; };
		89DF040A27383EB4003FB469 /* ContinentWiseInfo.swift */ = {isa = PBXFileReference; lastKnownFileType = sourcecode.swift; path = ContinentWiseInfo.swift; sourceTree = "<group>"; };
		89DF040C27383ECE003FB469 /* ContinentInfo.swift */ = {isa = PBXFileReference; lastKnownFileType = sourcecode.swift; path = ContinentInfo.swift; sourceTree = "<group>"; };
		89E9DE772737ECE60054F855 /* Endpoint.swift */ = {isa = PBXFileReference; lastKnownFileType = sourcecode.swift; path = Endpoint.swift; sourceTree = "<group>"; };
		89E9DE7A2737F49E0054F855 /* CovidInfoEndpoint.swift */ = {isa = PBXFileReference; lastKnownFileType = sourcecode.swift; path = CovidInfoEndpoint.swift; sourceTree = "<group>"; };
		89EF24EC2760EE4E00661D16 /* LoadingViewController.swift */ = {isa = PBXFileReference; lastKnownFileType = sourcecode.swift; path = LoadingViewController.swift; sourceTree = "<group>"; };
/* End PBXFileReference section */

/* Begin PBXFrameworksBuildPhase section */
		898CCF9C273691C7008DDE7A /* Frameworks */ = {
			isa = PBXFrameworksBuildPhase;
			buildActionMask = 2147483647;
			files = (
				F16D599DB2AD7C98F074D39B /* Pods_Covid19Info.framework in Frameworks */,
			);
			runOnlyForDeploymentPostprocessing = 0;
		};
/* End PBXFrameworksBuildPhase section */

/* Begin PBXGroup section */
		28E7E0EF96893DCBBE878FDE /* Pods */ = {
			isa = PBXGroup;
			children = (
				1324CD8B74415D0821354CC5 /* Pods-Covid19Info.debug.xcconfig */,
				2625066820475800C6A73E71 /* Pods-Covid19Info.release.xcconfig */,
			);
			path = Pods;
			sourceTree = "<group>";
		};
		76D193D537CCF9B7BB5BB39A /* Frameworks */ = {
			isa = PBXGroup;
			children = (
				0757FC098CB51E0EE5A9F6E4 /* Pods_Covid19Info.framework */,
			);
			name = Frameworks;
			sourceTree = "<group>";
		};
		891EFDF4273981E600D9B971 /* Screens */ = {
			isa = PBXGroup;
			children = (
				896B6CF027637FE500A25ED7 /* CountrySelection */,
				89EF24EB2760EE3100661D16 /* Loading */,
				89EF24EA2760EE0700661D16 /* Dashboard */,
			);
			path = Screens;
			sourceTree = "<group>";
		};
		891EFDF52739855500D9B971 /* Helper */ = {
			isa = PBXGroup;
			children = (
				891EFDF62739856C00D9B971 /* Color.swift */,
				89DD333C275E9CAE009C2323 /* ChartGenerator.swift */,
				896B6CF327638B2700A25ED7 /* Constants.swift */,
			);
			path = Helper;
			sourceTree = "<group>";
		};
		896B6CF027637FE500A25ED7 /* CountrySelection */ = {
			isa = PBXGroup;
			children = (
				896B6CF8276397BA00A25ED7 /* TableViewCells */,
				896B6CF72763972200A25ED7 /* ViewModel */,
				896B6CF127637FFC00A25ED7 /* CountrySelectionViewController.swift */,
			);
			path = CountrySelection;
			sourceTree = "<group>";
		};
		896B6CF72763972200A25ED7 /* ViewModel */ = {
			isa = PBXGroup;
			children = (
				896B6CF5276396AD00A25ED7 /* CountrySelectionViewModel.swift */,
			);
			path = ViewModel;
			sourceTree = "<group>";
		};
		896B6CF8276397BA00A25ED7 /* TableViewCells */ = {
			isa = PBXGroup;
			children = (
				896B6CF9276397D500A25ED7 /* CountryTableViewCell.swift */,
				896B6CFA276397D500A25ED7 /* CountryTableViewCell.xib */,
			);
			path = TableViewCells;
			sourceTree = "<group>";
		};
		89837340273BFC6300857C6B /* Extensions */ = {
			isa = PBXGroup;
			children = (
				89837341273BFC7B00857C6B /* UIView+ContextualChanges.swift */,
				894368FA277DFDB00000E0D9 /* String+Extensions.swift */,
				894368FC277E12FB0000E0D9 /* Date+Extensions.swift */,
			);
			path = Extensions;
			sourceTree = "<group>";
		};
		898CCF96273691C7008DDE7A = {
			isa = PBXGroup;
			children = (
				898CCFA1273691C7008DDE7A /* Covid19Info */,
				898CCFA0273691C7008DDE7A /* Products */,
				28E7E0EF96893DCBBE878FDE /* Pods */,
				76D193D537CCF9B7BB5BB39A /* Frameworks */,
			);
			sourceTree = "<group>";
		};
		898CCFA0273691C7008DDE7A /* Products */ = {
			isa = PBXGroup;
			children = (
				898CCF9F273691C7008DDE7A /* Covid19Info.app */,
			);
			name = Products;
			sourceTree = "<group>";
		};
		898CCFA1273691C7008DDE7A /* Covid19Info */ = {
			isa = PBXGroup;
			children = (
				89837340273BFC6300857C6B /* Extensions */,
				891EFDF52739855500D9B971 /* Helper */,
				891EFDF4273981E600D9B971 /* Screens */,
				89DF040327380F00003FB469 /* Model */,
				898CCFB627369580008DDE7A /* Networking */,
				898CCFA2273691C7008DDE7A /* AppDelegate.swift */,
				898CCFA4273691C7008DDE7A /* SceneDelegate.swift */,
				898CCFA8273691C7008DDE7A /* Main.storyboard */,
				898CCFAB273691CA008DDE7A /* Assets.xcassets */,
				898CCFAD273691CB008DDE7A /* LaunchScreen.storyboard */,
				898CCFB0273691CB008DDE7A /* Info.plist */,
			);
			path = Covid19Info;
			sourceTree = "<group>";
		};
		898CCFB627369580008DDE7A /* Networking */ = {
			isa = PBXGroup;
			children = (
				89E9DE792737F4790054F855 /* Endpoint */,
				89DF03FE27380AD7003FB469 /* NetworkManager.swift */,
				89DF040027380CD2003FB469 /* NetworkError.swift */,
			);
			path = Networking;
			sourceTree = "<group>";
		};
		898E5BEE275A393200585EF2 /* TableViewCells */ = {
			isa = PBXGroup;
			children = (
				898E5BEF275A3B1500585EF2 /* InformationTableViewCell.swift */,
				898E5BF0275A3B1500585EF2 /* InformationTableViewCell.xib */,
				89DD333E275EA3A6009C2323 /* GeneralInfoTableViewCell.swift */,
				89DD333F275EA3A6009C2323 /* GeneralInfoTableViewCell.xib */,
				894368F2277DCEDA0000E0D9 /* CasesTableViewCell.swift */,
				894368F3277DCEDA0000E0D9 /* CasesTableViewCell.xib */,
				894368F6277DF1290000E0D9 /* HistoricalDataTableViewCell.swift */,
				894368F7277DF1290000E0D9 /* HistoricalDataTableViewCell.xib */,
			);
			path = TableViewCells;
			sourceTree = "<group>";
		};
		898E5BF3275A3C4100585EF2 /* CollectionViewCells */ = {
			isa = PBXGroup;
			children = (
				898E5BF6275A3C7E00585EF2 /* InformationCollectionViewCell.swift */,
				898E5BF7275A3C7E00585EF2 /* InformationCollectionViewCell.xib */,
			);
			path = CollectionViewCells;
			sourceTree = "<group>";
		};
		89A1FA37273AD89000560C59 /* ViewModel */ = {
			isa = PBXGroup;
			children = (
				89A1FA38273AD8B400560C59 /* DashboardViewModel.swift */,
			);
			path = ViewModel;
			sourceTree = "<group>";
		};
		89DF040327380F00003FB469 /* Model */ = {
			isa = PBXGroup;
			children = (
				89DF040427382070003FB469 /* Summary.swift */,
				89DF0406273839F8003FB469 /* CountryWiseInfo.swift */,
				89DF040A27383EB4003FB469 /* ContinentWiseInfo.swift */,
				89DF040C27383ECE003FB469 /* ContinentInfo.swift */,
				891EFDF22739407600D9B971 /* CountryInfo.swift */,
				89705410276CA92C0058AED9 /* HistoricalInfo.swift */,
			);
			path = Model;
			sourceTree = "<group>";
		};
		89E9DE792737F4790054F855 /* Endpoint */ = {
			isa = PBXGroup;
			children = (
				89E9DE772737ECE60054F855 /* Endpoint.swift */,
				89E9DE7A2737F49E0054F855 /* CovidInfoEndpoint.swift */,
			);
			path = Endpoint;
			sourceTree = "<group>";
		};
		89EF24EA2760EE0700661D16 /* Dashboard */ = {
			isa = PBXGroup;
			children = (
				898E5BF3275A3C4100585EF2 /* CollectionViewCells */,
				898E5BEE275A393200585EF2 /* TableViewCells */,
				89A1FA37273AD89000560C59 /* ViewModel */,
				898CCFA6273691C7008DDE7A /* DashboardViewController.swift */,
			);
			path = Dashboard;
			sourceTree = "<group>";
		};
		89EF24EB2760EE3100661D16 /* Loading */ = {
			isa = PBXGroup;
			children = (
				89EF24EC2760EE4E00661D16 /* LoadingViewController.swift */,
			);
			path = Loading;
			sourceTree = "<group>";
		};
/* End PBXGroup section */

/* Begin PBXNativeTarget section */
		898CCF9E273691C7008DDE7A /* Covid19Info */ = {
			isa = PBXNativeTarget;
			buildConfigurationList = 898CCFB3273691CB008DDE7A /* Build configuration list for PBXNativeTarget "Covid19Info" */;
			buildPhases = (
				53B6EDF43E99CB4C2F54A4FE /* [CP] Check Pods Manifest.lock */,
				898CCF9B273691C7008DDE7A /* Sources */,
				898CCF9C273691C7008DDE7A /* Frameworks */,
				898CCF9D273691C7008DDE7A /* Resources */,
				E65F83FAAC1F36C8EDD9680B /* [CP] Embed Pods Frameworks */,
			);
			buildRules = (
			);
			dependencies = (
			);
			name = Covid19Info;
			productName = Covid19Info;
			productReference = 898CCF9F273691C7008DDE7A /* Covid19Info.app */;
			productType = "com.apple.product-type.application";
		};
/* End PBXNativeTarget section */

/* Begin PBXProject section */
		898CCF97273691C7008DDE7A /* Project object */ = {
			isa = PBXProject;
			attributes = {
				BuildIndependentTargetsInParallel = 1;
				LastSwiftUpdateCheck = 1300;
				LastUpgradeCheck = 1300;
				TargetAttributes = {
					898CCF9E273691C7008DDE7A = {
						CreatedOnToolsVersion = 13.0;
					};
				};
			};
			buildConfigurationList = 898CCF9A273691C7008DDE7A /* Build configuration list for PBXProject "Covid19Info" */;
			compatibilityVersion = "Xcode 13.0";
			developmentRegion = en;
			hasScannedForEncodings = 0;
			knownRegions = (
				en,
				Base,
			);
			mainGroup = 898CCF96273691C7008DDE7A;
			productRefGroup = 898CCFA0273691C7008DDE7A /* Products */;
			projectDirPath = "";
			projectRoot = "";
			targets = (
				898CCF9E273691C7008DDE7A /* Covid19Info */,
			);
		};
/* End PBXProject section */

/* Begin PBXResourcesBuildPhase section */
		898CCF9D273691C7008DDE7A /* Resources */ = {
			isa = PBXResourcesBuildPhase;
			buildActionMask = 2147483647;
			files = (
				89DD3341275EA3A6009C2323 /* GeneralInfoTableViewCell.xib in Resources */,
				894368F5277DCEDA0000E0D9 /* CasesTableViewCell.xib in Resources */,
				894368F9277DF1290000E0D9 /* HistoricalDataTableViewCell.xib in Resources */,
				898CCFAF273691CB008DDE7A /* LaunchScreen.storyboard in Resources */,
				896B6CFC276397D500A25ED7 /* CountryTableViewCell.xib in Resources */,
				898CCFAC273691CA008DDE7A /* Assets.xcassets in Resources */,
				898E5BF9275A3C7E00585EF2 /* InformationCollectionViewCell.xib in Resources */,
				898E5BF2275A3B1600585EF2 /* InformationTableViewCell.xib in Resources */,
				898CCFAA273691C7008DDE7A /* Main.storyboard in Resources */,
			);
			runOnlyForDeploymentPostprocessing = 0;
		};
/* End PBXResourcesBuildPhase section */

/* Begin PBXShellScriptBuildPhase section */
		53B6EDF43E99CB4C2F54A4FE /* [CP] Check Pods Manifest.lock */ = {
			isa = PBXShellScriptBuildPhase;
			buildActionMask = 2147483647;
			files = (
			);
			inputFileListPaths = (
			);
			inputPaths = (
				"${PODS_PODFILE_DIR_PATH}/Podfile.lock",
				"${PODS_ROOT}/Manifest.lock",
			);
			name = "[CP] Check Pods Manifest.lock";
			outputFileListPaths = (
			);
			outputPaths = (
				"$(DERIVED_FILE_DIR)/Pods-Covid19Info-checkManifestLockResult.txt",
			);
			runOnlyForDeploymentPostprocessing = 0;
			shellPath = /bin/sh;
			shellScript = "diff \"${PODS_PODFILE_DIR_PATH}/Podfile.lock\" \"${PODS_ROOT}/Manifest.lock\" > /dev/null\nif [ $? != 0 ] ; then\n    # print error to STDERR\n    echo \"error: The sandbox is not in sync with the Podfile.lock. Run 'pod install' or update your CocoaPods installation.\" >&2\n    exit 1\nfi\n# This output is used by Xcode 'outputs' to avoid re-running this script phase.\necho \"SUCCESS\" > \"${SCRIPT_OUTPUT_FILE_0}\"\n";
			showEnvVarsInLog = 0;
		};
		E65F83FAAC1F36C8EDD9680B /* [CP] Embed Pods Frameworks */ = {
			isa = PBXShellScriptBuildPhase;
			buildActionMask = 2147483647;
			files = (
			);
			inputFileListPaths = (
				"${PODS_ROOT}/Target Support Files/Pods-Covid19Info/Pods-Covid19Info-frameworks-${CONFIGURATION}-input-files.xcfilelist",
			);
			name = "[CP] Embed Pods Frameworks";
			outputFileListPaths = (
				"${PODS_ROOT}/Target Support Files/Pods-Covid19Info/Pods-Covid19Info-frameworks-${CONFIGURATION}-output-files.xcfilelist",
			);
			runOnlyForDeploymentPostprocessing = 0;
			shellPath = /bin/sh;
			shellScript = "\"${PODS_ROOT}/Target Support Files/Pods-Covid19Info/Pods-Covid19Info-frameworks.sh\"\n";
			showEnvVarsInLog = 0;
		};
/* End PBXShellScriptBuildPhase section */

/* Begin PBXSourcesBuildPhase section */
		898CCF9B273691C7008DDE7A /* Sources */ = {
			isa = PBXSourcesBuildPhase;
			buildActionMask = 2147483647;
			files = (
				89DF03FF27380AD7003FB469 /* NetworkManager.swift in Sources */,
				894368F8277DF1290000E0D9 /* HistoricalDataTableViewCell.swift in Sources */,
				896B6CF427638B2800A25ED7 /* Constants.swift in Sources */,
				89DF040127380CD2003FB469 /* NetworkError.swift in Sources */,
				89DD333D275E9CAE009C2323 /* ChartGenerator.swift in Sources */,
				898E5BF1275A3B1600585EF2 /* InformationTableViewCell.swift in Sources */,
				89DD3340275EA3A6009C2323 /* GeneralInfoTableViewCell.swift in Sources */,
				89837342273BFC7B00857C6B /* UIView+ContextualChanges.swift in Sources */,
				894368FB277DFDB00000E0D9 /* String+Extensions.swift in Sources */,
				898CCFA7273691C7008DDE7A /* DashboardViewController.swift in Sources */,
				89EF24ED2760EE4E00661D16 /* LoadingViewController.swift in Sources */,
				898E5BF8275A3C7E00585EF2 /* InformationCollectionViewCell.swift in Sources */,
				896B6CF6276396AD00A25ED7 /* CountrySelectionViewModel.swift in Sources */,
				898CCFA3273691C7008DDE7A /* AppDelegate.swift in Sources */,
				89705411276CA92C0058AED9 /* HistoricalInfo.swift in Sources */,
				896B6CFB276397D500A25ED7 /* CountryTableViewCell.swift in Sources */,
				891EFDF72739856C00D9B971 /* Color.swift in Sources */,
				896B6CF227637FFC00A25ED7 /* CountrySelectionViewController.swift in Sources */,
				89E9DE782737ECE60054F855 /* Endpoint.swift in Sources */,
				89DF0407273839F8003FB469 /* CountryWiseInfo.swift in Sources */,
				898CCFA5273691C7008DDE7A /* SceneDelegate.swift in Sources */,
				89DF040527382070003FB469 /* Summary.swift in Sources */,
				891EFDF32739407600D9B971 /* CountryInfo.swift in Sources */,
				894368F4277DCEDA0000E0D9 /* CasesTableViewCell.swift in Sources */,
				894368FD277E12FB0000E0D9 /* Date+Extensions.swift in Sources */,
				89DF040D27383ECE003FB469 /* ContinentInfo.swift in Sources */,
				89DF040B27383EB4003FB469 /* ContinentWiseInfo.swift in Sources */,
				89E9DE7B2737F49E0054F855 /* CovidInfoEndpoint.swift in Sources */,
				89A1FA39273AD8B400560C59 /* DashboardViewModel.swift in Sources */,
			);
			runOnlyForDeploymentPostprocessing = 0;
		};
/* End PBXSourcesBuildPhase section */

/* Begin PBXVariantGroup section */
		898CCFA8273691C7008DDE7A /* Main.storyboard */ = {
			isa = PBXVariantGroup;
			children = (
				898CCFA9273691C7008DDE7A /* Base */,
			);
			name = Main.storyboard;
			sourceTree = "<group>";
		};
		898CCFAD273691CB008DDE7A /* LaunchScreen.storyboard */ = {
			isa = PBXVariantGroup;
			children = (
				898CCFAE273691CB008DDE7A /* Base */,
			);
			name = LaunchScreen.storyboard;
			sourceTree = "<group>";
		};
/* End PBXVariantGroup section */

/* Begin XCBuildConfiguration section */
		898CCFB1273691CB008DDE7A /* Debug */ = {
			isa = XCBuildConfiguration;
			buildSettings = {
				ALWAYS_SEARCH_USER_PATHS = NO;
				CLANG_ANALYZER_NONNULL = YES;
				CLANG_ANALYZER_NUMBER_OBJECT_CONVERSION = YES_AGGRESSIVE;
				CLANG_CXX_LANGUAGE_STANDARD = "gnu++17";
				CLANG_CXX_LIBRARY = "libc++";
				CLANG_ENABLE_MODULES = YES;
				CLANG_ENABLE_OBJC_ARC = YES;
				CLANG_ENABLE_OBJC_WEAK = YES;
				CLANG_WARN_BLOCK_CAPTURE_AUTORELEASING = YES;
				CLANG_WARN_BOOL_CONVERSION = YES;
				CLANG_WARN_COMMA = YES;
				CLANG_WARN_CONSTANT_CONVERSION = YES;
				CLANG_WARN_DEPRECATED_OBJC_IMPLEMENTATIONS = YES;
				CLANG_WARN_DIRECT_OBJC_ISA_USAGE = YES_ERROR;
				CLANG_WARN_DOCUMENTATION_COMMENTS = YES;
				CLANG_WARN_EMPTY_BODY = YES;
				CLANG_WARN_ENUM_CONVERSION = YES;
				CLANG_WARN_INFINITE_RECURSION = YES;
				CLANG_WARN_INT_CONVERSION = YES;
				CLANG_WARN_NON_LITERAL_NULL_CONVERSION = YES;
				CLANG_WARN_OBJC_IMPLICIT_RETAIN_SELF = YES;
				CLANG_WARN_OBJC_LITERAL_CONVERSION = YES;
				CLANG_WARN_OBJC_ROOT_CLASS = YES_ERROR;
				CLANG_WARN_QUOTED_INCLUDE_IN_FRAMEWORK_HEADER = YES;
				CLANG_WARN_RANGE_LOOP_ANALYSIS = YES;
				CLANG_WARN_STRICT_PROTOTYPES = YES;
				CLANG_WARN_SUSPICIOUS_MOVE = YES;
				CLANG_WARN_UNGUARDED_AVAILABILITY = YES_AGGRESSIVE;
				CLANG_WARN_UNREACHABLE_CODE = YES;
				CLANG_WARN__DUPLICATE_METHOD_MATCH = YES;
				COPY_PHASE_STRIP = NO;
				DEBUG_INFORMATION_FORMAT = dwarf;
				ENABLE_STRICT_OBJC_MSGSEND = YES;
				ENABLE_TESTABILITY = YES;
				GCC_C_LANGUAGE_STANDARD = gnu11;
				GCC_DYNAMIC_NO_PIC = NO;
				GCC_NO_COMMON_BLOCKS = YES;
				GCC_OPTIMIZATION_LEVEL = 0;
				GCC_PREPROCESSOR_DEFINITIONS = (
					"DEBUG=1",
					"$(inherited)",
				);
				GCC_WARN_64_TO_32_BIT_CONVERSION = YES;
				GCC_WARN_ABOUT_RETURN_TYPE = YES_ERROR;
				GCC_WARN_UNDECLARED_SELECTOR = YES;
				GCC_WARN_UNINITIALIZED_AUTOS = YES_AGGRESSIVE;
				GCC_WARN_UNUSED_FUNCTION = YES;
				GCC_WARN_UNUSED_VARIABLE = YES;
				IPHONEOS_DEPLOYMENT_TARGET = 15.0;
				MTL_ENABLE_DEBUG_INFO = INCLUDE_SOURCE;
				MTL_FAST_MATH = YES;
				ONLY_ACTIVE_ARCH = YES;
				SDKROOT = iphoneos;
				SWIFT_ACTIVE_COMPILATION_CONDITIONS = DEBUG;
				SWIFT_OPTIMIZATION_LEVEL = "-Onone";
			};
			name = Debug;
		};
		898CCFB2273691CB008DDE7A /* Release */ = {
			isa = XCBuildConfiguration;
			buildSettings = {
				ALWAYS_SEARCH_USER_PATHS = NO;
				CLANG_ANALYZER_NONNULL = YES;
				CLANG_ANALYZER_NUMBER_OBJECT_CONVERSION = YES_AGGRESSIVE;
				CLANG_CXX_LANGUAGE_STANDARD = "gnu++17";
				CLANG_CXX_LIBRARY = "libc++";
				CLANG_ENABLE_MODULES = YES;
				CLANG_ENABLE_OBJC_ARC = YES;
				CLANG_ENABLE_OBJC_WEAK = YES;
				CLANG_WARN_BLOCK_CAPTURE_AUTORELEASING = YES;
				CLANG_WARN_BOOL_CONVERSION = YES;
				CLANG_WARN_COMMA = YES;
				CLANG_WARN_CONSTANT_CONVERSION = YES;
				CLANG_WARN_DEPRECATED_OBJC_IMPLEMENTATIONS = YES;
				CLANG_WARN_DIRECT_OBJC_ISA_USAGE = YES_ERROR;
				CLANG_WARN_DOCUMENTATION_COMMENTS = YES;
				CLANG_WARN_EMPTY_BODY = YES;
				CLANG_WARN_ENUM_CONVERSION = YES;
				CLANG_WARN_INFINITE_RECURSION = YES;
				CLANG_WARN_INT_CONVERSION = YES;
				CLANG_WARN_NON_LITERAL_NULL_CONVERSION = YES;
				CLANG_WARN_OBJC_IMPLICIT_RETAIN_SELF = YES;
				CLANG_WARN_OBJC_LITERAL_CONVERSION = YES;
				CLANG_WARN_OBJC_ROOT_CLASS = YES_ERROR;
				CLANG_WARN_QUOTED_INCLUDE_IN_FRAMEWORK_HEADER = YES;
				CLANG_WARN_RANGE_LOOP_ANALYSIS = YES;
				CLANG_WARN_STRICT_PROTOTYPES = YES;
				CLANG_WARN_SUSPICIOUS_MOVE = YES;
				CLANG_WARN_UNGUARDED_AVAILABILITY = YES_AGGRESSIVE;
				CLANG_WARN_UNREACHABLE_CODE = YES;
				CLANG_WARN__DUPLICATE_METHOD_MATCH = YES;
				COPY_PHASE_STRIP = NO;
				DEBUG_INFORMATION_FORMAT = "dwarf-with-dsym";
				ENABLE_NS_ASSERTIONS = NO;
				ENABLE_STRICT_OBJC_MSGSEND = YES;
				GCC_C_LANGUAGE_STANDARD = gnu11;
				GCC_NO_COMMON_BLOCKS = YES;
				GCC_WARN_64_TO_32_BIT_CONVERSION = YES;
				GCC_WARN_ABOUT_RETURN_TYPE = YES_ERROR;
				GCC_WARN_UNDECLARED_SELECTOR = YES;
				GCC_WARN_UNINITIALIZED_AUTOS = YES_AGGRESSIVE;
				GCC_WARN_UNUSED_FUNCTION = YES;
				GCC_WARN_UNUSED_VARIABLE = YES;
				IPHONEOS_DEPLOYMENT_TARGET = 15.0;
				MTL_ENABLE_DEBUG_INFO = NO;
				MTL_FAST_MATH = YES;
				SDKROOT = iphoneos;
				SWIFT_COMPILATION_MODE = wholemodule;
				SWIFT_OPTIMIZATION_LEVEL = "-O";
				VALIDATE_PRODUCT = YES;
			};
			name = Release;
		};
		898CCFB4273691CB008DDE7A /* Debug */ = {
			isa = XCBuildConfiguration;
			baseConfigurationReference = 1324CD8B74415D0821354CC5 /* Pods-Covid19Info.debug.xcconfig */;
			buildSettings = {
				ASSETCATALOG_COMPILER_APPICON_NAME = AppIcon;
				ASSETCATALOG_COMPILER_GLOBAL_ACCENT_COLOR_NAME = AccentColor;
				CODE_SIGN_STYLE = Automatic;
				CURRENT_PROJECT_VERSION = 1;
				DEVELOPMENT_TEAM = DZF7Q8NQBJ;
				GENERATE_INFOPLIST_FILE = YES;
				INFOPLIST_FILE = Covid19Info/Info.plist;
				INFOPLIST_KEY_UIApplicationSupportsIndirectInputEvents = YES;
				INFOPLIST_KEY_UILaunchStoryboardName = LaunchScreen;
				INFOPLIST_KEY_UIMainStoryboardFile = Main;
				INFOPLIST_KEY_UISupportedInterfaceOrientations_iPad = "UIInterfaceOrientationPortrait UIInterfaceOrientationPortraitUpsideDown UIInterfaceOrientationLandscapeLeft UIInterfaceOrientationLandscapeRight";
				INFOPLIST_KEY_UISupportedInterfaceOrientations_iPhone = "UIInterfaceOrientationPortrait UIInterfaceOrientationLandscapeLeft UIInterfaceOrientationLandscapeRight";
				LD_RUNPATH_SEARCH_PATHS = (
					"$(inherited)",
					"@executable_path/Frameworks",
				);
				MARKETING_VERSION = 1.0;
				PRODUCT_BUNDLE_IDENTIFIER = com.myteam.Covid19Info;
				PRODUCT_NAME = "$(TARGET_NAME)";
				SWIFT_EMIT_LOC_STRINGS = YES;
				SWIFT_VERSION = 5.0;
				TARGETED_DEVICE_FAMILY = "1,2";
			};
			name = Debug;
		};
		898CCFB5273691CB008DDE7A /* Release */ = {
			isa = XCBuildConfiguration;
			baseConfigurationReference = 2625066820475800C6A73E71 /* Pods-Covid19Info.release.xcconfig */;
			buildSettings = {
				ASSETCATALOG_COMPILER_APPICON_NAME = AppIcon;
				ASSETCATALOG_COMPILER_GLOBAL_ACCENT_COLOR_NAME = AccentColor;
				CODE_SIGN_STYLE = Automatic;
				CURRENT_PROJECT_VERSION = 1;
				DEVELOPMENT_TEAM = DZF7Q8NQBJ;
				GENERATE_INFOPLIST_FILE = YES;
				INFOPLIST_FILE = Covid19Info/Info.plist;
				INFOPLIST_KEY_UIApplicationSupportsIndirectInputEvents = YES;
				INFOPLIST_KEY_UILaunchStoryboardName = LaunchScreen;
				INFOPLIST_KEY_UIMainStoryboardFile = Main;
				INFOPLIST_KEY_UISupportedInterfaceOrientations_iPad = "UIInterfaceOrientationPortrait UIInterfaceOrientationPortraitUpsideDown UIInterfaceOrientationLandscapeLeft UIInterfaceOrientationLandscapeRight";
				INFOPLIST_KEY_UISupportedInterfaceOrientations_iPhone = "UIInterfaceOrientationPortrait UIInterfaceOrientationLandscapeLeft UIInterfaceOrientationLandscapeRight";
				LD_RUNPATH_SEARCH_PATHS = (
					"$(inherited)",
					"@executable_path/Frameworks",
				);
				MARKETING_VERSION = 1.0;
				PRODUCT_BUNDLE_IDENTIFIER = com.myteam.Covid19Info;
				PRODUCT_NAME = "$(TARGET_NAME)";
				SWIFT_EMIT_LOC_STRINGS = YES;
				SWIFT_VERSION = 5.0;
				TARGETED_DEVICE_FAMILY = "1,2";
			};
			name = Release;
		};
/* End XCBuildConfiguration section */

/* Begin XCConfigurationList section */
		898CCF9A273691C7008DDE7A /* Build configuration list for PBXProject "Covid19Info" */ = {
			isa = XCConfigurationList;
			buildConfigurations = (
				898CCFB1273691CB008DDE7A /* Debug */,
				898CCFB2273691CB008DDE7A /* Release */,
			);
			defaultConfigurationIsVisible = 0;
			defaultConfigurationName = Release;
		};
		898CCFB3273691CB008DDE7A /* Build configuration list for PBXNativeTarget "Covid19Info" */ = {
			isa = XCConfigurationList;
			buildConfigurations = (
				898CCFB4273691CB008DDE7A /* Debug */,
				898CCFB5273691CB008DDE7A /* Release */,
			);
			defaultConfigurationIsVisible = 0;
			defaultConfigurationName = Release;
		};
/* End XCConfigurationList section */
	};
	rootObject = 898CCF97273691C7008DDE7A /* Project object */;
}
